
Microsoft Visual Studio Solution File, Format Version 12.00
# Visual Studio Version 16
VisualStudioVersion = 16.0.30309.148
MinimumVisualStudioVersion = 10.0.40219.1
Project("{9A19103F-16F7-4668-BE54-9A1E7A4F7556}") = "IniParser", "IniParser\IniParser.csproj", "{4B8E5ADC-2F76-41E7-B667-3B92D4DFFE1F}"
EndProject
Project("{9A19103F-16F7-4668-BE54-9A1E7A4F7556}") = "IniParserTest", "IniParserTest\IniParserTest.csproj", "{06A6CAE6-7A91-4263-BA21-A2ED1443F441}"
EndProject
Project("{9A19103F-16F7-4668-BE54-9A1E7A4F7556}") = "Shop", "Shop\Shop.csproj", "{0C1A6E0D-AB05-464F-AFE7-57EE90B07904}"
EndProject
Project("{9A19103F-16F7-4668-BE54-9A1E7A4F7556}") = "ShopTest", "ShopTest\ShopTest.csproj", "{03A12F86-596D-4446-9543-A117AF73333B}"
EndProject
Project("{9A19103F-16F7-4668-BE54-9A1E7A4F7556}") = "RacingSimulator", "RacingSimulator\RacingSimulator.csproj", "{29E32C7C-4804-4184-A949-A64812968E30}"
EndProject
Project("{9A19103F-16F7-4668-BE54-9A1E7A4F7556}") = "RacingSimulatorTest", "RacingSimulatorTest\RacingSimulatorTest.csproj", "{DC11208A-450F-467D-8D27-CFC71904AA1B}"
EndProject
Project("{9A19103F-16F7-4668-BE54-9A1E7A4F7556}") = "BackupApp", "BackupApp\BackupApp.csproj", "{F6AA8776-E71C-4EC2-B644-89847403FD86}"
EndProject
Project("{FAE04EC0-301F-11D3-BF4B-00C04F79EFBC}") = "BackupAppTest", "BackupAppTest\BackupAppTest.csproj", "{A465F5EB-3D01-4972-9A39-C5B64DD8F11F}"
EndProject
Global
	GlobalSection(SolutionConfigurationPlatforms) = preSolution
		Debug|Any CPU = Debug|Any CPU
		Release|Any CPU = Release|Any CPU
	EndGlobalSection
	GlobalSection(ProjectConfigurationPlatforms) = postSolution
		{4B8E5ADC-2F76-41E7-B667-3B92D4DFFE1F}.Debug|Any CPU.ActiveCfg = Debug|Any CPU
		{4B8E5ADC-2F76-41E7-B667-3B92D4DFFE1F}.Debug|Any CPU.Build.0 = Debug|Any CPU
		{4B8E5ADC-2F76-41E7-B667-3B92D4DFFE1F}.Release|Any CPU.ActiveCfg = Release|Any CPU
		{4B8E5ADC-2F76-41E7-B667-3B92D4DFFE1F}.Release|Any CPU.Build.0 = Release|Any CPU
		{06A6CAE6-7A91-4263-BA21-A2ED1443F441}.Debug|Any CPU.ActiveCfg = Debug|Any CPU
		{06A6CAE6-7A91-4263-BA21-A2ED1443F441}.Debug|Any CPU.Build.0 = Debug|Any CPU
		{06A6CAE6-7A91-4263-BA21-A2ED1443F441}.Release|Any CPU.ActiveCfg = Release|Any CPU
		{06A6CAE6-7A91-4263-BA21-A2ED1443F441}.Release|Any CPU.Build.0 = Release|Any CPU
		{0C1A6E0D-AB05-464F-AFE7-57EE90B07904}.Debug|Any CPU.ActiveCfg = Debug|Any CPU
		{0C1A6E0D-AB05-464F-AFE7-57EE90B07904}.Debug|Any CPU.Build.0 = Debug|Any CPU
		{0C1A6E0D-AB05-464F-AFE7-57EE90B07904}.Release|Any CPU.ActiveCfg = Release|Any CPU
		{0C1A6E0D-AB05-464F-AFE7-57EE90B07904}.Release|Any CPU.Build.0 = Release|Any CPU
		{03A12F86-596D-4446-9543-A117AF73333B}.Debug|Any CPU.ActiveCfg = Debug|Any CPU
		{03A12F86-596D-4446-9543-A117AF73333B}.Debug|Any CPU.Build.0 = Debug|Any CPU
		{03A12F86-596D-4446-9543-A117AF73333B}.Release|Any CPU.ActiveCfg = Release|Any CPU
		{03A12F86-596D-4446-9543-A117AF73333B}.Release|Any CPU.Build.0 = Release|Any CPU
		{29E32C7C-4804-4184-A949-A64812968E30}.Debug|Any CPU.ActiveCfg = Debug|Any CPU
		{29E32C7C-4804-4184-A949-A64812968E30}.Debug|Any CPU.Build.0 = Debug|Any CPU
		{29E32C7C-4804-4184-A949-A64812968E30}.Release|Any CPU.ActiveCfg = Release|Any CPU
		{29E32C7C-4804-4184-A949-A64812968E30}.Release|Any CPU.Build.0 = Release|Any CPU
		{DC11208A-450F-467D-8D27-CFC71904AA1B}.Debug|Any CPU.ActiveCfg = Debug|Any CPU
		{DC11208A-450F-467D-8D27-CFC71904AA1B}.Debug|Any CPU.Build.0 = Debug|Any CPU
		{DC11208A-450F-467D-8D27-CFC71904AA1B}.Release|Any CPU.ActiveCfg = Release|Any CPU
		{DC11208A-450F-467D-8D27-CFC71904AA1B}.Release|Any CPU.Build.0 = Release|Any CPU
		{F6AA8776-E71C-4EC2-B644-89847403FD86}.Debug|Any CPU.ActiveCfg = Debug|Any CPU
		{F6AA8776-E71C-4EC2-B644-89847403FD86}.Debug|Any CPU.Build.0 = Debug|Any CPU
		{F6AA8776-E71C-4EC2-B644-89847403FD86}.Release|Any CPU.ActiveCfg = Release|Any CPU
		{F6AA8776-E71C-4EC2-B644-89847403FD86}.Release|Any CPU.Build.0 = Release|Any CPU
		{A465F5EB-3D01-4972-9A39-C5B64DD8F11F}.Debug|Any CPU.ActiveCfg = Debug|Any CPU
		{A465F5EB-3D01-4972-9A39-C5B64DD8F11F}.Debug|Any CPU.Build.0 = Debug|Any CPU
		{A465F5EB-3D01-4972-9A39-C5B64DD8F11F}.Release|Any CPU.ActiveCfg = Release|Any CPU
		{A465F5EB-3D01-4972-9A39-C5B64DD8F11F}.Release|Any CPU.Build.0 = Release|Any CPU
	EndGlobalSection
	GlobalSection(SolutionProperties) = preSolution
		HideSolutionNode = FALSE
	EndGlobalSection
	GlobalSection(ExtensibilityGlobals) = postSolution
		SolutionGuid = {1EEAF11D-03FC-4D6D-A5D3-4C5C372D7570}
	EndGlobalSection
EndGlobal
